
Microsoft Visual Studio Solution File, Format Version 12.00
# Visual Studio Version 17
VisualStudioVersion = 17.8.34601.278
MinimumVisualStudioVersion = 10.0.40219.1
Project("{FAE04EC0-301F-11D3-BF4B-00C04F79EFBC}") = "SeniorS.WebhookHelper", "SeniorS.WebhookHelper\SeniorS.WebhookHelper.csproj", "{820D9A37-C71E-4A01-91B0-FD57D99C3A9A}"
EndProject
Global
	GlobalSection(SolutionConfigurationPlatforms) = preSolution
		Debug|Any CPU = Debug|Any CPU
		Release|Any CPU = Release|Any CPU
	EndGlobalSection
	GlobalSection(ProjectConfigurationPlatforms) = postSolution
		{820D9A37-C71E-4A01-91B0-FD57D99C3A9A}.Debug|Any CPU.ActiveCfg = Debug|Any CPU
		{820D9A37-C71E-4A01-91B0-FD57D99C3A9A}.Debug|Any CPU.Build.0 = Debug|Any CPU
		{820D9A37-C71E-4A01-91B0-FD57D99C3A9A}.Release|Any CPU.ActiveCfg = Release|Any CPU
		{820D9A37-C71E-4A01-91B0-FD57D99C3A9A}.Release|Any CPU.Build.0 = Release|Any CPU
	EndGlobalSection
	GlobalSection(SolutionProperties) = preSolution
		HideSolutionNode = FALSE
	EndGlobalSection
	GlobalSection(ExtensibilityGlobals) = postSolution
		SolutionGuid = {53AD75AD-C164-48D3-893D-744D19BD35FC}
	EndGlobalSection
EndGlobal
